---
lockfileVersion: '9.0'

importers:

  .:
    configDependencies: {}
    packageManagerDependencies:
      pnpm:
        specifier: 12.3.4
        version: 12.3.4

packages:

  '@pnpm/exe.darwin-arm64@12.3.4':
    resolution: {integrity: sha512-PAyUol8T1+/+ViOiXAt51ECA+QnfXCqz6foL4bW+LsoX0NcVd5XVEM2mRQu+LV4oc7uRz9zf9U0P+XFfuQeDAw==}
    cpu: [arm64]
    os: [darwin]

  '@pnpm/exe.darwin-x64@12.3.4':
    resolution: {integrity: sha512-fxP9JCk0Cdye+ePuj+GJJLMUMTqHGWRdb1dtv4How876uQ2ehxvenpgiYAir/ceO9PsYUZkFTtyZdx+rRu5QOA==}
    cpu: [x64]
    os: [darwin]

  '@pnpm/exe.linux-arm64-musl@12.3.4':
    resolution: {integrity: sha512-FBOt0/7ye6O6q4AllVV5QMviB6qE6fqkeczV/+MDWQsmo+QJrlfsh6X7CpH/tClVpBZEyIbjpUoT8bNhCYBxEg==}
    cpu: [arm64]
    os: [linux]
    libc: [musl]

  '@pnpm/exe.linux-arm64@12.3.4':
    resolution: {integrity: sha512-t71AVA7LRqiKTyZ5xMYaZc2n5DfdpMbfokZuiIOXHBOM03ECnF0t4iYwaBDqJgVjlKYUOwaF/bRQajGNA4cJ4w==}
    cpu: [arm64]
    os: [linux]
    libc: [glibc]

  '@pnpm/exe.linux-x64-musl@12.3.4':
    resolution: {integrity: sha512-RPmk7Jb/aYaFvL2iyDN/AtMY+hUEsue732WmXpcuQ9tBpMnGyA5py7Z3+e+qmQaJ0zY/4ni9jJiyPBQHujmv6w==}
    cpu: [x64]
    os: [linux]
    libc: [musl]

  '@pnpm/exe.linux-x64@12.3.4':
    resolution: {integrity: sha512-2ZqOlSPkfwX1h5cR+FPiWf8+F+2hZT/3TvhUK5sigHqwaQCIiq8R7CGxhndKs63JtcLi2a1Qpo+wX/EoyfjyJQ==}
    cpu: [x64]
    os: [linux]
    libc: [glibc]

  '@pnpm/exe.win32-arm64@12.3.4':
    resolution: {integrity: sha512-ANyrHqyqco6SXBysUTRF74itDyyraea7IbFsKFdNXTjcFnfycTDx37EwuhdpPYFNSIh2JhUG4fByclsRfiHX7w==}
    cpu: [arm64]
    os: [win32]

  '@pnpm/exe.win32-x64@12.3.4':
    resolution: {integrity: sha512-WH/KqBPY/hq2Tb7SgQltEZytimcjgKRaCRL/aM9CI0c67iKc5TVmHUhIiL3Ux9FB4bWn36i6XewUcScQI+zG8w==}
    cpu: [x64]
    os: [win32]

  pnpm@12.3.4:
    resolution: {integrity: sha512-lhqkH7B32joEpEHZ+OFevAyW2o73ELLrZ7+e58sGEOq9SPH9hfUc/+c4RnhfoPh8VqOocqHYk/hEZ0G1zORUVw==}
    engines: {node: '>=18.*'}
    hasBin: true

snapshots:

  '@pnpm/exe.darwin-arm64@12.3.4':
    optional: true

  '@pnpm/exe.darwin-x64@12.3.4':
    optional: true

  '@pnpm/exe.linux-arm64-musl@12.3.4':
    optional: true

  '@pnpm/exe.linux-arm64@12.3.4':
    optional: true

  '@pnpm/exe.linux-x64-musl@12.3.4':
    optional: true

  '@pnpm/exe.linux-x64@12.3.4':
    optional: true

  '@pnpm/exe.win32-arm64@12.3.4':
    optional: true

  '@pnpm/exe.win32-x64@12.3.4':
    optional: true

  pnpm@12.3.4:
    optionalDependencies:
      '@pnpm/exe.darwin-arm64': 12.3.4
      '@pnpm/exe.darwin-x64': 12.3.4
      '@pnpm/exe.linux-arm64': 12.3.4
      '@pnpm/exe.linux-arm64-musl': 12.3.4
      '@pnpm/exe.linux-x64': 12.3.4
      '@pnpm/exe.linux-x64-musl': 12.3.4
      '@pnpm/exe.win32-arm64': 12.3.4
      '@pnpm/exe.win32-x64': 12.3.4

---
lockfileVersion: '9.0'

settings:
  autoInstallPeers: true
  excludeLinksFromLockfile: false

importers:

  .:
    devDependencies:
      turbo:
        specifier: ^2.5.8
        version: 2.5.8

packages:

  turbo-darwin-64@2.5.8:
    resolution: {integrity: sha512-Dh5bCACiHO8rUXZLpKw+m3FiHtAp2CkanSyJre+SInEvEr5kIxjGvCK/8MFX8SFRjQuhjtvpIvYYZJB4AGCxNQ==}
    cpu: [x64]
    os: [darwin]

  turbo-darwin-arm64@2.5.8:
    resolution: {integrity: sha512-f1H/tQC9px7+hmXn6Kx/w8Jd/FneIUnvLlcI/7RGHunxfOkKJKvsoiNzySkoHQ8uq1pJnhJ0xNGTlYM48ZaJOQ==}
    cpu: [arm64]
    os: [darwin]

  turbo-linux-64@2.5.8:
    resolution: {integrity: sha512-hMyvc7w7yadBlZBGl/bnR6O+dJTx3XkTeyTTH4zEjERO6ChEs0SrN8jTFj1lueNXKIHh1SnALmy6VctKMGnWfw==}
    cpu: [x64]
    os: [linux]

  turbo-linux-arm64@2.5.8:
    resolution: {integrity: sha512-LQELGa7bAqV2f+3rTMRPnj5G/OHAe2U+0N9BwsZvfMvHSUbsQ3bBMWdSQaYNicok7wOZcHjz2TkESn1hYK6xIQ==}
    cpu: [arm64]
    os: [linux]

  turbo-windows-64@2.5.8:
    resolution: {integrity: sha512-3YdcaW34TrN1AWwqgYL9gUqmZsMT4T7g8Y5Azz+uwwEJW+4sgcJkIi9pYFyU4ZBSjBvkfuPZkGgfStir5BBDJQ==}
    cpu: [x64]
    os: [win32]

  turbo-windows-arm64@2.5.8:
    resolution: {integrity: sha512-eFC5XzLmgXJfnAK3UMTmVECCwuBcORrWdewoiXBnUm934DY6QN8YowC/srhNnROMpaKaqNeRpoB5FxCww3eteQ==}
    cpu: [arm64]
    os: [win32]

  turbo@2.5.8:
    resolution: {integrity: sha512-5c9Fdsr9qfpT3hA0EyYSFRZj1dVVsb6KIWubA9JBYZ/9ZEAijgUEae0BBR/Xl/wekt4w65/lYLTFaP3JmwSO8w==}
    hasBin: true

snapshots:

  turbo-darwin-64@2.5.8:
    optional: true

  turbo-darwin-arm64@2.5.8:
    optional: true

  turbo-linux-64@2.5.8:
    optional: true

  turbo-linux-arm64@2.5.8:
    optional: true

  turbo-windows-64@2.5.8:
    optional: true

  turbo-windows-arm64@2.5.8:
    optional: true

  turbo@2.5.8:
    optionalDependencies:
      turbo-darwin-64: 2.5.8
      turbo-darwin-arm64: 2.5.8
      turbo-linux-64: 2.5.8
      turbo-linux-arm64: 2.5.8
      turbo-windows-64: 2.5.8
      turbo-windows-arm64: 2.5.8
